
Microsoft Visual Studio Solution File, Format Version 12.00
# Visual Studio Version 16
VisualStudioVersion = 16.0.30011.22
MinimumVisualStudioVersion = 10.0.40219.1
Project("{FAE04EC0-301F-11D3-BF4B-00C04F79EFBC}") = "DZ1", "DZ1.csproj", "{211529A7-2ECA-4AD8-9062-B26B62FE2AF8}"
EndProject
Project("{FAE04EC0-301F-11D3-BF4B-00C04F79EFBC}") = "ClassLibrary1", "..\ClassLibrary1\ClassLibrary1.csproj", "{D568BB23-D369-495A-9D6E-A9DFBAFD922F}"
EndProject
Global
	GlobalSection(SolutionConfigurationPlatforms) = preSolution
		Debug|Any CPU = Debug|Any CPU
		Release|Any CPU = Release|Any CPU
	EndGlobalSection
	GlobalSection(ProjectConfigurationPlatforms) = postSolution
		{211529A7-2ECA-4AD8-9062-B26B62FE2AF8}.Debug|Any CPU.ActiveCfg = Debug|Any CPU
		{211529A7-2ECA-4AD8-9062-B26B62FE2AF8}.Debug|Any CPU.Build.0 = Debug|Any CPU
		{211529A7-2ECA-4AD8-9062-B26B62FE2AF8}.Release|Any CPU.ActiveCfg = Release|Any CPU
		{211529A7-2ECA-4AD8-9062-B26B62FE2AF8}.Release|Any CPU.Build.0 = Release|Any CPU
		{D568BB23-D369-495A-9D6E-A9DFBAFD922F}.Debug|Any CPU.ActiveCfg = Debug|Any CPU
		{D568BB23-D369-495A-9D6E-A9DFBAFD922F}.Debug|Any CPU.Build.0 = Debug|Any CPU
		{D568BB23-D369-495A-9D6E-A9DFBAFD922F}.Release|Any CPU.ActiveCfg = Release|Any CPU
		{D568BB23-D369-495A-9D6E-A9DFBAFD922F}.Release|Any CPU.Build.0 = Release|Any CPU
	EndGlobalSection
	GlobalSection(SolutionProperties) = preSolution
		HideSolutionNode = FALSE
	EndGlobalSection
	GlobalSection(ExtensibilityGlobals) = postSolution
		SolutionGuid = {3BEEADF9-EE53-48CB-9E45-C8563838A176}
	EndGlobalSection
EndGlobal
